
Microsoft Visual Studio Solution File, Format Version 12.00
# Visual Studio Version 17
VisualStudioVersion = 17.5.002.0
MinimumVisualStudioVersion = 10.0.40219.1
Project("{9A19103F-16F7-4668-BE54-9A1E7A4F7556}") = "Dictionary", "Dictionary.csproj", "{4985E208-3F8C-4CE2-AFD8-9B0CF321EF58}"
EndProject
Global
	GlobalSection(SolutionConfigurationPlatforms) = preSolution
		Debug|Any CPU = Debug|Any CPU
		Release|Any CPU = Release|Any CPU
	EndGlobalSection
	GlobalSection(ProjectConfigurationPlatforms) = postSolution
		{4985E208-3F8C-4CE2-AFD8-9B0CF321EF58}.Debug|Any CPU.ActiveCfg = Debug|Any CPU
		{4985E208-3F8C-4CE2-AFD8-9B0CF321EF58}.Debug|Any CPU.Build.0 = Debug|Any CPU
		{4985E208-3F8C-4CE2-AFD8-9B0CF321EF58}.Release|Any CPU.ActiveCfg = Release|Any CPU
		{4985E208-3F8C-4CE2-AFD8-9B0CF321EF58}.Release|Any CPU.Build.0 = Release|Any CPU
	EndGlobalSection
	GlobalSection(SolutionProperties) = preSolution
		HideSolutionNode = FALSE
	EndGlobalSection
	GlobalSection(ExtensibilityGlobals) = postSolution
		SolutionGuid = {2E0AFC2D-4F05-4237-ACDE-71A22E4E149C}
	EndGlobalSection
EndGlobal
