
Microsoft Visual Studio Solution File, Format Version 12.00
# Visual Studio Version 17
VisualStudioVersion = 17.5.002.0
MinimumVisualStudioVersion = 10.0.40219.1
Project("{9A19103F-16F7-4668-BE54-9A1E7A4F7556}") = "Aula01", "Aula01\Aula01.csproj", "{274C3C5C-63E3-475E-8414-ABA7DB45DD56}"
EndProject
Project("{9A19103F-16F7-4668-BE54-9A1E7A4F7556}") = "JaggedArray", "JaggedArray\JaggedArray.csproj", "{1B389062-3614-4C74-AB8B-60C4B355968D}"
EndProject
Global
	GlobalSection(SolutionConfigurationPlatforms) = preSolution
		Debug|Any CPU = Debug|Any CPU
		Release|Any CPU = Release|Any CPU
	EndGlobalSection
	GlobalSection(ProjectConfigurationPlatforms) = postSolution
		{274C3C5C-63E3-475E-8414-ABA7DB45DD56}.Debug|Any CPU.ActiveCfg = Debug|Any CPU
		{274C3C5C-63E3-475E-8414-ABA7DB45DD56}.Debug|Any CPU.Build.0 = Debug|Any CPU
		{274C3C5C-63E3-475E-8414-ABA7DB45DD56}.Release|Any CPU.ActiveCfg = Release|Any CPU
		{274C3C5C-63E3-475E-8414-ABA7DB45DD56}.Release|Any CPU.Build.0 = Release|Any CPU
		{1B389062-3614-4C74-AB8B-60C4B355968D}.Debug|Any CPU.ActiveCfg = Debug|Any CPU
		{1B389062-3614-4C74-AB8B-60C4B355968D}.Debug|Any CPU.Build.0 = Debug|Any CPU
		{1B389062-3614-4C74-AB8B-60C4B355968D}.Release|Any CPU.ActiveCfg = Release|Any CPU
		{1B389062-3614-4C74-AB8B-60C4B355968D}.Release|Any CPU.Build.0 = Release|Any CPU
	EndGlobalSection
	GlobalSection(SolutionProperties) = preSolution
		HideSolutionNode = FALSE
	EndGlobalSection
	GlobalSection(ExtensibilityGlobals) = postSolution
		SolutionGuid = {3C2EEF2C-B427-4AA2-9F20-2858E23B5FF5}
	EndGlobalSection
EndGlobal
