
Microsoft Visual Studio Solution File, Format Version 12.00
# Visual Studio Version 17
VisualStudioVersion = 17.5.002.0
MinimumVisualStudioVersion = 10.0.40219.1
Project("{9A19103F-16F7-4668-BE54-9A1E7A4F7556}") = "Aula03", "Aula03.csproj", "{D5FE21F6-6C7B-4E9D-A4BC-05C9F1DE4744}"
EndProject
Global
	GlobalSection(SolutionConfigurationPlatforms) = preSolution
		Debug|Any CPU = Debug|Any CPU
		Release|Any CPU = Release|Any CPU
	EndGlobalSection
	GlobalSection(ProjectConfigurationPlatforms) = postSolution
		{D5FE21F6-6C7B-4E9D-A4BC-05C9F1DE4744}.Debug|Any CPU.ActiveCfg = Debug|Any CPU
		{D5FE21F6-6C7B-4E9D-A4BC-05C9F1DE4744}.Debug|Any CPU.Build.0 = Debug|Any CPU
		{D5FE21F6-6C7B-4E9D-A4BC-05C9F1DE4744}.Release|Any CPU.ActiveCfg = Release|Any CPU
		{D5FE21F6-6C7B-4E9D-A4BC-05C9F1DE4744}.Release|Any CPU.Build.0 = Release|Any CPU
	EndGlobalSection
	GlobalSection(SolutionProperties) = preSolution
		HideSolutionNode = FALSE
	EndGlobalSection
	GlobalSection(ExtensibilityGlobals) = postSolution
		SolutionGuid = {FEC62440-1F42-4B09-ACD7-707F5D2DC444}
	EndGlobalSection
EndGlobal
